
Microsoft Visual Studio Solution File, Format Version 12.00
# Visual Studio Version 16
VisualStudioVersion = 16.0.33130.400
MinimumVisualStudioVersion = 10.0.40219.1
Project("{FAE04EC0-301F-11D3-BF4B-00C04F79EFBC}") = "BilgisayarKursKayitUygulamasi", "BilgisayarKursKayitUygulamasi\BilgisayarKursKayitUygulamasi.csproj", "{3640C3E7-EB94-4DEA-8C04-7944C92E2267}"
EndProject
Project("{FAE04EC0-301F-11D3-BF4B-00C04F79EFBC}") = "CafeUygulamasi", "CafeUygulamasi\CafeUygulamasi.csproj", "{0F44E7CA-1280-4999-A16A-B022DD03477B}"
EndProject
Project("{FAE04EC0-301F-11D3-BF4B-00C04F79EFBC}") = "ArabaKiralamaUygulamasi", "ArabaKiralamaUygulamasi\ArabaKiralamaUygulamasi.csproj", "{B078FA40-2866-4076-A1CC-4220B7F2A4B2}"
EndProject
Project("{FAE04EC0-301F-11D3-BF4B-00C04F79EFBC}") = "DemirbasTakipProgrami", "DemirbasTakipProgrami\DemirbasTakipProgrami.csproj", "{ECC6D4C2-C66B-4047-B80E-01D7F0A05872}"
EndProject
Project("{FAE04EC0-301F-11D3-BF4B-00C04F79EFBC}") = "BankamatikOtomasyonu", "BankamatikOtomasyonu\BankamatikOtomasyonu.csproj", "{75A389F3-97DB-4A4B-AC1F-BD7141234856}"
EndProject
Global
	GlobalSection(SolutionConfigurationPlatforms) = preSolution
		Debug|Any CPU = Debug|Any CPU
		Release|Any CPU = Release|Any CPU
	EndGlobalSection
	GlobalSection(ProjectConfigurationPlatforms) = postSolution
		{3640C3E7-EB94-4DEA-8C04-7944C92E2267}.Debug|Any CPU.ActiveCfg = Debug|Any CPU
		{3640C3E7-EB94-4DEA-8C04-7944C92E2267}.Debug|Any CPU.Build.0 = Debug|Any CPU
		{3640C3E7-EB94-4DEA-8C04-7944C92E2267}.Release|Any CPU.ActiveCfg = Release|Any CPU
		{3640C3E7-EB94-4DEA-8C04-7944C92E2267}.Release|Any CPU.Build.0 = Release|Any CPU
		{0F44E7CA-1280-4999-A16A-B022DD03477B}.Debug|Any CPU.ActiveCfg = Debug|Any CPU
		{0F44E7CA-1280-4999-A16A-B022DD03477B}.Debug|Any CPU.Build.0 = Debug|Any CPU
		{0F44E7CA-1280-4999-A16A-B022DD03477B}.Release|Any CPU.ActiveCfg = Release|Any CPU
		{0F44E7CA-1280-4999-A16A-B022DD03477B}.Release|Any CPU.Build.0 = Release|Any CPU
		{B078FA40-2866-4076-A1CC-4220B7F2A4B2}.Debug|Any CPU.ActiveCfg = Debug|Any CPU
		{B078FA40-2866-4076-A1CC-4220B7F2A4B2}.Debug|Any CPU.Build.0 = Debug|Any CPU
		{B078FA40-2866-4076-A1CC-4220B7F2A4B2}.Release|Any CPU.ActiveCfg = Release|Any CPU
		{B078FA40-2866-4076-A1CC-4220B7F2A4B2}.Release|Any CPU.Build.0 = Release|Any CPU
		{ECC6D4C2-C66B-4047-B80E-01D7F0A05872}.Debug|Any CPU.ActiveCfg = Debug|Any CPU
		{ECC6D4C2-C66B-4047-B80E-01D7F0A05872}.Debug|Any CPU.Build.0 = Debug|Any CPU
		{ECC6D4C2-C66B-4047-B80E-01D7F0A05872}.Release|Any CPU.ActiveCfg = Release|Any CPU
		{ECC6D4C2-C66B-4047-B80E-01D7F0A05872}.Release|Any CPU.Build.0 = Release|Any CPU
		{75A389F3-97DB-4A4B-AC1F-BD7141234856}.Debug|Any CPU.ActiveCfg = Debug|Any CPU
		{75A389F3-97DB-4A4B-AC1F-BD7141234856}.Debug|Any CPU.Build.0 = Debug|Any CPU
		{75A389F3-97DB-4A4B-AC1F-BD7141234856}.Release|Any CPU.ActiveCfg = Release|Any CPU
		{75A389F3-97DB-4A4B-AC1F-BD7141234856}.Release|Any CPU.Build.0 = Release|Any CPU
	EndGlobalSection
	GlobalSection(SolutionProperties) = preSolution
		HideSolutionNode = FALSE
	EndGlobalSection
	GlobalSection(ExtensibilityGlobals) = postSolution
		SolutionGuid = {92070FBC-6073-4B22-B871-55F370FBAF75}
	EndGlobalSection
EndGlobal
